
Microsoft Visual Studio Solution File, Format Version 12.00
# Visual Studio Version 17
VisualStudioVersion = 17.13.35931.197 d17.13
MinimumVisualStudioVersion = 10.0.40219.1
Project("{8BC9CEB8-8B4A-11D0-8D11-00A0C91BC942}") = "_781_numRabbits", "_781_numRabbits.vcxproj", "{3190F7C3-722A-4CED-8D5C-6EAB8153E0AA}"
EndProject
Global
	GlobalSection(SolutionConfigurationPlatforms) = preSolution
		Debug|x64 = Debug|x64
		Debug|x86 = Debug|x86
		Release|x64 = Release|x64
		Release|x86 = Release|x86
	EndGlobalSection
	GlobalSection(ProjectConfigurationPlatforms) = postSolution
		{3190F7C3-722A-4CED-8D5C-6EAB8153E0AA}.Debug|x64.ActiveCfg = Debug|x64
		{3190F7C3-722A-4CED-8D5C-6EAB8153E0AA}.Debug|x64.Build.0 = Debug|x64
		{3190F7C3-722A-4CED-8D5C-6EAB8153E0AA}.Debug|x86.ActiveCfg = Debug|Win32
		{3190F7C3-722A-4CED-8D5C-6EAB8153E0AA}.Debug|x86.Build.0 = Debug|Win32
		{3190F7C3-722A-4CED-8D5C-6EAB8153E0AA}.Release|x64.ActiveCfg = Release|x64
		{3190F7C3-722A-4CED-8D5C-6EAB8153E0AA}.Release|x64.Build.0 = Release|x64
		{3190F7C3-722A-4CED-8D5C-6EAB8153E0AA}.Release|x86.ActiveCfg = Release|Win32
		{3190F7C3-722A-4CED-8D5C-6EAB8153E0AA}.Release|x86.Build.0 = Release|Win32
	EndGlobalSection
	GlobalSection(SolutionProperties) = preSolution
		HideSolutionNode = FALSE
	EndGlobalSection
	GlobalSection(ExtensibilityGlobals) = postSolution
		SolutionGuid = {CB21E8B6-D2F5-4825-A6C1-70C434ED3688}
	EndGlobalSection
EndGlobal
